
Microsoft Visual Studio Solution File, Format Version 12.00
# Visual Studio Version 17
VisualStudioVersion = 17.1.31911.260
MinimumVisualStudioVersion = 10.0.40219.1
Project("{9A19103F-16F7-4668-BE54-9A1E7A4F7556}") = "API", "API\API.csproj", "{9E32CB22-EF0A-4B19-BED1-EA88254DC1DA}"
EndProject
Project("{9A19103F-16F7-4668-BE54-9A1E7A4F7556}") = "Data", "Data\Data.csproj", "{D1CAA3FE-385F-4592-A81D-AF84F980D3D2}"
EndProject
Project("{9A19103F-16F7-4668-BE54-9A1E7A4F7556}") = "Shared", "Service\Shared.csproj", "{3ECE329E-BA81-43C5-857B-7EFF7DFA163B}"
EndProject
Project("{FAE04EC0-301F-11D3-BF4B-00C04F79EFBC}") = "API.Tests", "API.Tests\API.Tests.csproj", "{DB9BB274-1AFA-41A1-BB14-3846B13B3FBB}"
EndProject
Global
	GlobalSection(SolutionConfigurationPlatforms) = preSolution
		Debug|Any CPU = Debug|Any CPU
		Release|Any CPU = Release|Any CPU
	EndGlobalSection
	GlobalSection(ProjectConfigurationPlatforms) = postSolution
		{9E32CB22-EF0A-4B19-BED1-EA88254DC1DA}.Debug|Any CPU.ActiveCfg = Debug|Any CPU
		{9E32CB22-EF0A-4B19-BED1-EA88254DC1DA}.Debug|Any CPU.Build.0 = Debug|Any CPU
		{9E32CB22-EF0A-4B19-BED1-EA88254DC1DA}.Release|Any CPU.ActiveCfg = Release|Any CPU
		{9E32CB22-EF0A-4B19-BED1-EA88254DC1DA}.Release|Any CPU.Build.0 = Release|Any CPU
		{D1CAA3FE-385F-4592-A81D-AF84F980D3D2}.Debug|Any CPU.ActiveCfg = Debug|Any CPU
		{D1CAA3FE-385F-4592-A81D-AF84F980D3D2}.Debug|Any CPU.Build.0 = Debug|Any CPU
		{D1CAA3FE-385F-4592-A81D-AF84F980D3D2}.Release|Any CPU.ActiveCfg = Release|Any CPU
		{D1CAA3FE-385F-4592-A81D-AF84F980D3D2}.Release|Any CPU.Build.0 = Release|Any CPU
		{3ECE329E-BA81-43C5-857B-7EFF7DFA163B}.Debug|Any CPU.ActiveCfg = Debug|Any CPU
		{3ECE329E-BA81-43C5-857B-7EFF7DFA163B}.Debug|Any CPU.Build.0 = Debug|Any CPU
		{3ECE329E-BA81-43C5-857B-7EFF7DFA163B}.Release|Any CPU.ActiveCfg = Release|Any CPU
		{3ECE329E-BA81-43C5-857B-7EFF7DFA163B}.Release|Any CPU.Build.0 = Release|Any CPU
		{DB9BB274-1AFA-41A1-BB14-3846B13B3FBB}.Debug|Any CPU.ActiveCfg = Debug|Any CPU
		{DB9BB274-1AFA-41A1-BB14-3846B13B3FBB}.Debug|Any CPU.Build.0 = Debug|Any CPU
		{DB9BB274-1AFA-41A1-BB14-3846B13B3FBB}.Release|Any CPU.ActiveCfg = Release|Any CPU
		{DB9BB274-1AFA-41A1-BB14-3846B13B3FBB}.Release|Any CPU.Build.0 = Release|Any CPU
	EndGlobalSection
	GlobalSection(SolutionProperties) = preSolution
		HideSolutionNode = FALSE
	EndGlobalSection
	GlobalSection(ExtensibilityGlobals) = postSolution
		SolutionGuid = {8E3040AE-CBEF-4D73-992A-E14286E89798}
	EndGlobalSection
EndGlobal
